
Microsoft Visual Studio Solution File, Format Version 12.00
# Visual Studio Version 17
VisualStudioVersion = 17.0.31903.59
MinimumVisualStudioVersion = 10.0.40219.1
Project("{FAE04EC0-301F-11D3-BF4B-00C04F79EFBC}") = "Activity6.corrected", "Activity6.corrected.csproj", "{3AA4C4D9-DCF1-4E29-9145-DB4AABEADEE3}"
EndProject
Project("{FAE04EC0-301F-11D3-BF4B-00C04F79EFBC}") = "activity6.test", "..\activity6.test\activity6.test.csproj", "{D0C539BA-F54D-4CF1-8C0E-E7BB8280AB52}"
EndProject
Global
	GlobalSection(SolutionConfigurationPlatforms) = preSolution
		Debug|Any CPU = Debug|Any CPU
		Release|Any CPU = Release|Any CPU
	EndGlobalSection
	GlobalSection(ProjectConfigurationPlatforms) = postSolution
		{3AA4C4D9-DCF1-4E29-9145-DB4AABEADEE3}.Debug|Any CPU.ActiveCfg = Debug|Any CPU
		{3AA4C4D9-DCF1-4E29-9145-DB4AABEADEE3}.Debug|Any CPU.Build.0 = Debug|Any CPU
		{3AA4C4D9-DCF1-4E29-9145-DB4AABEADEE3}.Release|Any CPU.ActiveCfg = Release|Any CPU
		{3AA4C4D9-DCF1-4E29-9145-DB4AABEADEE3}.Release|Any CPU.Build.0 = Release|Any CPU
		{D0C539BA-F54D-4CF1-8C0E-E7BB8280AB52}.Debug|Any CPU.ActiveCfg = Debug|Any CPU
		{D0C539BA-F54D-4CF1-8C0E-E7BB8280AB52}.Debug|Any CPU.Build.0 = Debug|Any CPU
		{D0C539BA-F54D-4CF1-8C0E-E7BB8280AB52}.Release|Any CPU.ActiveCfg = Release|Any CPU
		{D0C539BA-F54D-4CF1-8C0E-E7BB8280AB52}.Release|Any CPU.Build.0 = Release|Any CPU
	EndGlobalSection
	GlobalSection(SolutionProperties) = preSolution
		HideSolutionNode = FALSE
	EndGlobalSection
	GlobalSection(ExtensibilityGlobals) = postSolution
		SolutionGuid = {2C733A05-9CEE-400B-86F0-972CB99DAEAE}
	EndGlobalSection
EndGlobal
