
Microsoft Visual Studio Solution File, Format Version 12.00
# Visual Studio Version 17
VisualStudioVersion = 17.0.31903.59
MinimumVisualStudioVersion = 10.0.40219.1
Project("{FAE04EC0-301F-11D3-BF4B-00C04F79EFBC}") = "Activity7.corrected", "Activity7.corrected.csproj", "{AB298F86-1E85-42CA-B73D-8BC9371AD9DD}"
EndProject
Project("{FAE04EC0-301F-11D3-BF4B-00C04F79EFBC}") = "activity7.tests", "..\activity7.tests\activity7.tests.csproj", "{97C3E24F-B504-43C1-9220-5A94679BAEC5}"
EndProject
Global
	GlobalSection(SolutionConfigurationPlatforms) = preSolution
		Debug|Any CPU = Debug|Any CPU
		Release|Any CPU = Release|Any CPU
	EndGlobalSection
	GlobalSection(ProjectConfigurationPlatforms) = postSolution
		{AB298F86-1E85-42CA-B73D-8BC9371AD9DD}.Debug|Any CPU.ActiveCfg = Debug|Any CPU
		{AB298F86-1E85-42CA-B73D-8BC9371AD9DD}.Debug|Any CPU.Build.0 = Debug|Any CPU
		{AB298F86-1E85-42CA-B73D-8BC9371AD9DD}.Release|Any CPU.ActiveCfg = Release|Any CPU
		{AB298F86-1E85-42CA-B73D-8BC9371AD9DD}.Release|Any CPU.Build.0 = Release|Any CPU
		{97C3E24F-B504-43C1-9220-5A94679BAEC5}.Debug|Any CPU.ActiveCfg = Debug|Any CPU
		{97C3E24F-B504-43C1-9220-5A94679BAEC5}.Debug|Any CPU.Build.0 = Debug|Any CPU
		{97C3E24F-B504-43C1-9220-5A94679BAEC5}.Release|Any CPU.ActiveCfg = Release|Any CPU
		{97C3E24F-B504-43C1-9220-5A94679BAEC5}.Release|Any CPU.Build.0 = Release|Any CPU
	EndGlobalSection
	GlobalSection(SolutionProperties) = preSolution
		HideSolutionNode = FALSE
	EndGlobalSection
	GlobalSection(ExtensibilityGlobals) = postSolution
		SolutionGuid = {F3822789-74C1-4692-BFA7-98E0D3509348}
	EndGlobalSection
EndGlobal
