
Microsoft Visual Studio Solution File, Format Version 12.00
# Visual Studio Version 17
VisualStudioVersion = 17.0.31903.59
MinimumVisualStudioVersion = 10.0.40219.1
Project("{FAE04EC0-301F-11D3-BF4B-00C04F79EFBC}") = "Activity5", "Activity5.csproj", "{F18C59FE-62CF-4182-B130-603B5DAE666F}"
EndProject
Project("{FAE04EC0-301F-11D3-BF4B-00C04F79EFBC}") = "Activity5.Test", "..\Activity5.Test\Activity5.Test.csproj", "{0BB443F9-54BA-4ED4-B2E0-CB5F2C016E86}"
EndProject
Global
	GlobalSection(SolutionConfigurationPlatforms) = preSolution
		Debug|Any CPU = Debug|Any CPU
		Release|Any CPU = Release|Any CPU
	EndGlobalSection
	GlobalSection(ProjectConfigurationPlatforms) = postSolution
		{F18C59FE-62CF-4182-B130-603B5DAE666F}.Debug|Any CPU.ActiveCfg = Debug|Any CPU
		{F18C59FE-62CF-4182-B130-603B5DAE666F}.Debug|Any CPU.Build.0 = Debug|Any CPU
		{F18C59FE-62CF-4182-B130-603B5DAE666F}.Release|Any CPU.ActiveCfg = Release|Any CPU
		{F18C59FE-62CF-4182-B130-603B5DAE666F}.Release|Any CPU.Build.0 = Release|Any CPU
		{0BB443F9-54BA-4ED4-B2E0-CB5F2C016E86}.Debug|Any CPU.ActiveCfg = Debug|Any CPU
		{0BB443F9-54BA-4ED4-B2E0-CB5F2C016E86}.Debug|Any CPU.Build.0 = Debug|Any CPU
		{0BB443F9-54BA-4ED4-B2E0-CB5F2C016E86}.Release|Any CPU.ActiveCfg = Release|Any CPU
		{0BB443F9-54BA-4ED4-B2E0-CB5F2C016E86}.Release|Any CPU.Build.0 = Release|Any CPU
	EndGlobalSection
	GlobalSection(SolutionProperties) = preSolution
		HideSolutionNode = FALSE
	EndGlobalSection
	GlobalSection(ExtensibilityGlobals) = postSolution
		SolutionGuid = {FC3386B7-8104-4AED-9CB2-1167D30E4AAE}
	EndGlobalSection
EndGlobal
