
Microsoft Visual Studio Solution File, Format Version 12.00
# Visual Studio Version 17
VisualStudioVersion = 17.0.31903.59
MinimumVisualStudioVersion = 10.0.40219.1
Project("{FAE04EC0-301F-11D3-BF4B-00C04F79EFBC}") = "Activity3", "Activity3.csproj", "{5350479C-C23D-41B5-8AA1-5D281EA8A6EF}"
EndProject
Project("{FAE04EC0-301F-11D3-BF4B-00C04F79EFBC}") = "Activity3.Tests", "Activity3.Tests\Activity3.Tests.csproj", "{41DCB6DC-5BCA-4870-BA2E-B411EAFA89AB}"
EndProject
Global
	GlobalSection(SolutionConfigurationPlatforms) = preSolution
		Debug|Any CPU = Debug|Any CPU
		Release|Any CPU = Release|Any CPU
	EndGlobalSection
	GlobalSection(ProjectConfigurationPlatforms) = postSolution
		{5350479C-C23D-41B5-8AA1-5D281EA8A6EF}.Debug|Any CPU.ActiveCfg = Debug|Any CPU
		{5350479C-C23D-41B5-8AA1-5D281EA8A6EF}.Debug|Any CPU.Build.0 = Debug|Any CPU
		{5350479C-C23D-41B5-8AA1-5D281EA8A6EF}.Release|Any CPU.ActiveCfg = Release|Any CPU
		{5350479C-C23D-41B5-8AA1-5D281EA8A6EF}.Release|Any CPU.Build.0 = Release|Any CPU
		{41DCB6DC-5BCA-4870-BA2E-B411EAFA89AB}.Debug|Any CPU.ActiveCfg = Debug|Any CPU
		{41DCB6DC-5BCA-4870-BA2E-B411EAFA89AB}.Debug|Any CPU.Build.0 = Debug|Any CPU
		{41DCB6DC-5BCA-4870-BA2E-B411EAFA89AB}.Release|Any CPU.ActiveCfg = Release|Any CPU
		{41DCB6DC-5BCA-4870-BA2E-B411EAFA89AB}.Release|Any CPU.Build.0 = Release|Any CPU
	EndGlobalSection
	GlobalSection(SolutionProperties) = preSolution
		HideSolutionNode = FALSE
	EndGlobalSection
	GlobalSection(ExtensibilityGlobals) = postSolution
		SolutionGuid = {9D128F25-8497-4A03-968C-4155D27661B1}
	EndGlobalSection
EndGlobal
