
Microsoft Visual Studio Solution File, Format Version 12.00
# Visual Studio Version 17
VisualStudioVersion = 17.0.31903.59
MinimumVisualStudioVersion = 10.0.40219.1
Project("{9A19103F-16F7-4668-BE54-9A1E7A4F7556}") = "Activity6", "Activity6.csproj", "{75CB5299-05A2-40C0-9237-13D76A234765}"
EndProject
Project("{FAE04EC0-301F-11D3-BF4B-00C04F79EFBC}") = "Activity6.Test", "..\Activity6.Test\Activity6.Test.csproj", "{23A1C335-FAF0-4C22-A0C3-038074A11CC3}"
EndProject
Global
	GlobalSection(SolutionConfigurationPlatforms) = preSolution
		Debug|Any CPU = Debug|Any CPU
		Release|Any CPU = Release|Any CPU
	EndGlobalSection
	GlobalSection(ProjectConfigurationPlatforms) = postSolution
		{75CB5299-05A2-40C0-9237-13D76A234765}.Debug|Any CPU.ActiveCfg = Debug|Any CPU
		{75CB5299-05A2-40C0-9237-13D76A234765}.Debug|Any CPU.Build.0 = Debug|Any CPU
		{75CB5299-05A2-40C0-9237-13D76A234765}.Release|Any CPU.ActiveCfg = Release|Any CPU
		{75CB5299-05A2-40C0-9237-13D76A234765}.Release|Any CPU.Build.0 = Release|Any CPU
		{23A1C335-FAF0-4C22-A0C3-038074A11CC3}.Debug|Any CPU.ActiveCfg = Debug|Any CPU
		{23A1C335-FAF0-4C22-A0C3-038074A11CC3}.Debug|Any CPU.Build.0 = Debug|Any CPU
		{23A1C335-FAF0-4C22-A0C3-038074A11CC3}.Release|Any CPU.ActiveCfg = Release|Any CPU
		{23A1C335-FAF0-4C22-A0C3-038074A11CC3}.Release|Any CPU.Build.0 = Release|Any CPU
	EndGlobalSection
	GlobalSection(SolutionProperties) = preSolution
		HideSolutionNode = FALSE
	EndGlobalSection
	GlobalSection(ExtensibilityGlobals) = postSolution
		SolutionGuid = {CFE43953-2AA7-4F1A-991E-C08E213B85EA}
	EndGlobalSection
EndGlobal
